
Microsoft Visual Studio Solution File, Format Version 12.00
# Visual Studio Version 17
VisualStudioVersion = 17.4.33205.214
MinimumVisualStudioVersion = 10.0.40219.1
Project("{9A19103F-16F7-4668-BE54-9A1E7A4F7556}") = "JotterAPI", "JotterAPI\JotterAPI.csproj", "{D2271AFC-95A1-4130-9B5F-2B8A79F8C9EF}"
EndProject
Project("{9A19103F-16F7-4668-BE54-9A1E7A4F7556}") = "JotterAPI.DAL", "JotterAPI.DAL\JotterAPI.DAL.csproj", "{5AE14B00-FF34-489A-B35E-B5B9AB6ABE6C}"
EndProject
Project("{9A19103F-16F7-4668-BE54-9A1E7A4F7556}") = "XUnitJotterAPITests", "XUnitJotterAPITests\XUnitJotterAPITests.csproj", "{712D6476-3DDC-4576-BC00-0483C29B90FC}"
EndProject
Global
	GlobalSection(SolutionConfigurationPlatforms) = preSolution
		Debug|Any CPU = Debug|Any CPU
		Release|Any CPU = Release|Any CPU
	EndGlobalSection
	GlobalSection(ProjectConfigurationPlatforms) = postSolution
		{D2271AFC-95A1-4130-9B5F-2B8A79F8C9EF}.Debug|Any CPU.ActiveCfg = Debug|Any CPU
		{D2271AFC-95A1-4130-9B5F-2B8A79F8C9EF}.Debug|Any CPU.Build.0 = Debug|Any CPU
		{D2271AFC-95A1-4130-9B5F-2B8A79F8C9EF}.Release|Any CPU.ActiveCfg = Release|Any CPU
		{D2271AFC-95A1-4130-9B5F-2B8A79F8C9EF}.Release|Any CPU.Build.0 = Release|Any CPU
		{5AE14B00-FF34-489A-B35E-B5B9AB6ABE6C}.Debug|Any CPU.ActiveCfg = Debug|Any CPU
		{5AE14B00-FF34-489A-B35E-B5B9AB6ABE6C}.Debug|Any CPU.Build.0 = Debug|Any CPU
		{5AE14B00-FF34-489A-B35E-B5B9AB6ABE6C}.Release|Any CPU.ActiveCfg = Release|Any CPU
		{5AE14B00-FF34-489A-B35E-B5B9AB6ABE6C}.Release|Any CPU.Build.0 = Release|Any CPU
		{712D6476-3DDC-4576-BC00-0483C29B90FC}.Debug|Any CPU.ActiveCfg = Debug|Any CPU
		{712D6476-3DDC-4576-BC00-0483C29B90FC}.Debug|Any CPU.Build.0 = Debug|Any CPU
		{712D6476-3DDC-4576-BC00-0483C29B90FC}.Release|Any CPU.ActiveCfg = Release|Any CPU
		{712D6476-3DDC-4576-BC00-0483C29B90FC}.Release|Any CPU.Build.0 = Release|Any CPU
	EndGlobalSection
	GlobalSection(SolutionProperties) = preSolution
		HideSolutionNode = FALSE
	EndGlobalSection
	GlobalSection(ExtensibilityGlobals) = postSolution
		SolutionGuid = {ACF51EA7-84A4-4A40-8791-C249ADEF3A21}
	EndGlobalSection
EndGlobal
